
Microsoft Visual Studio Solution File, Format Version 11.00
# Visual Studio 2010
Project("{FAE04EC0-301F-11D3-BF4B-00C04F79EFBC}") = "Counter-Strike", "Assembly-CSharp.csproj", "{CA70B83E-BDF2-65ED-ABD6-BF4FFCC64BCB}"
EndProject
Project("{FAE04EC0-301F-11D3-BF4B-00C04F79EFBC}") = "Counter-Strike", "Assembly-CSharp-Editor.csproj", "{6ED6EFB7-BE41-AE5C-06E1-1B10A2FD3CD6}"
EndProject
Global
	GlobalSection(SolutionConfigurationPlatforms) = preSolution
		Debug|Any CPU = Debug|Any CPU
		Release|Any CPU = Release|Any CPU
	EndGlobalSection
	GlobalSection(ProjectConfigurationPlatforms) = postSolution
		{CA70B83E-BDF2-65ED-ABD6-BF4FFCC64BCB}.Debug|Any CPU.ActiveCfg = Debug|Any CPU
		{CA70B83E-BDF2-65ED-ABD6-BF4FFCC64BCB}.Debug|Any CPU.Build.0 = Debug|Any CPU
		{CA70B83E-BDF2-65ED-ABD6-BF4FFCC64BCB}.Release|Any CPU.ActiveCfg = Release|Any CPU
		{CA70B83E-BDF2-65ED-ABD6-BF4FFCC64BCB}.Release|Any CPU.Build.0 = Release|Any CPU
		{6ED6EFB7-BE41-AE5C-06E1-1B10A2FD3CD6}.Debug|Any CPU.ActiveCfg = Debug|Any CPU
		{6ED6EFB7-BE41-AE5C-06E1-1B10A2FD3CD6}.Debug|Any CPU.Build.0 = Debug|Any CPU
		{6ED6EFB7-BE41-AE5C-06E1-1B10A2FD3CD6}.Release|Any CPU.ActiveCfg = Release|Any CPU
		{6ED6EFB7-BE41-AE5C-06E1-1B10A2FD3CD6}.Release|Any CPU.Build.0 = Release|Any CPU
	EndGlobalSection
	GlobalSection(SolutionProperties) = preSolution
		HideSolutionNode = FALSE
	EndGlobalSection
	GlobalSection(MonoDevelopProperties) = preSolution
		StartupItem = Assembly-CSharp.csproj
	EndGlobalSection
EndGlobal
